dependencies:
- name: onos-cli
  repository: file://../onos-cli
  version: 0.0.1
- name: onos-topo
  repository: file://../onos-topo
  version: 0.0.1
- name: onos-config
  repository: file://../onos-config
  version: 0.0.1
- name: onos-gui
  repository: file://../onos-gui
  version: 0.0.1
digest: sha256:46dda9d532b6d3a18db94c138e3ddcf1c034be0549e8e08750996ae2090632ee
generated: "2019-12-16T22:51:59.21449258Z"
